
Microsoft Visual Studio Solution File, Format Version 12.00
# Visual Studio 15
VisualStudioVersion = 15.0.28010.2019
MinimumVisualStudioVersion = 10.0.40219.1
Project("{FAE04EC0-301F-11D3-BF4B-00C04F79EFBC}") = "ci-test.Test", "ci-test.Test\ci-test.Test.csproj", "{0D6B56A2-DE0F-461C-8CB7-67971DC6A172}"
EndProject
Project("{FAE04EC0-301F-11D3-BF4B-00C04F79EFBC}") = "ci-test-2", "ci-test-2\ci-test-2.csproj", "{6F252EAD-6E7E-4CF0-9CD9-7F7E5790ECA6}"
EndProject
Global
	GlobalSection(SolutionConfigurationPlatforms) = preSolution
		Debug|Any CPU = Debug|Any CPU
		Release|Any CPU = Release|Any CPU
	EndGlobalSection
	GlobalSection(ProjectConfigurationPlatforms) = postSolution
		{0D6B56A2-DE0F-461C-8CB7-67971DC6A172}.Debug|Any CPU.ActiveCfg = Debug|Any CPU
		{0D6B56A2-DE0F-461C-8CB7-67971DC6A172}.Debug|Any CPU.Build.0 = Debug|Any CPU
		{0D6B56A2-DE0F-461C-8CB7-67971DC6A172}.Release|Any CPU.ActiveCfg = Release|Any CPU
		{0D6B56A2-DE0F-461C-8CB7-67971DC6A172}.Release|Any CPU.Build.0 = Release|Any CPU
		{6F252EAD-6E7E-4CF0-9CD9-7F7E5790ECA6}.Debug|Any CPU.ActiveCfg = Debug|Any CPU
		{6F252EAD-6E7E-4CF0-9CD9-7F7E5790ECA6}.Debug|Any CPU.Build.0 = Debug|Any CPU
		{6F252EAD-6E7E-4CF0-9CD9-7F7E5790ECA6}.Release|Any CPU.ActiveCfg = Release|Any CPU
		{6F252EAD-6E7E-4CF0-9CD9-7F7E5790ECA6}.Release|Any CPU.Build.0 = Release|Any CPU
	EndGlobalSection
	GlobalSection(SolutionProperties) = preSolution
		HideSolutionNode = FALSE
	EndGlobalSection
	GlobalSection(ExtensibilityGlobals) = postSolution
		SolutionGuid = {5AA474B2-21D5-4C6E-A254-16A37A7FB9E0}
	EndGlobalSection
EndGlobal
